# @generated - this file is auto-generated by `mise lock` https://mise.jdx.dev/dev-tools/mise-lock.html

[[tools.hugo-extended]]
version = "0.160.1"
backend = "aqua:gohugoio/hugo/hugo-extended"

[tools.hugo-extended."platforms.linux-arm64"]
checksum = "sha256:be4203d99a5b91446cd89af1e788aeb3c6210cbe78fab380a26be135a3f4ec59"
url = "https://github.com/gohugoio/hugo/releases/download/v0.160.1/hugo_extended_0.160.1_linux-arm64.tar.gz"

[tools.hugo-extended."platforms.linux-arm64-musl"]
checksum = "sha256:be4203d99a5b91446cd89af1e788aeb3c6210cbe78fab380a26be135a3f4ec59"
url = "https://github.com/gohugoio/hugo/releases/download/v0.160.1/hugo_extended_0.160.1_linux-arm64.tar.gz"

[tools.hugo-extended."platforms.linux-x64"]
checksum = "sha256:133adf4932c1b626b6fe6aa28d56791555abe3ceff167e03be534e8324c9ed39"
url = "https://github.com/gohugoio/hugo/releases/download/v0.160.1/hugo_extended_0.160.1_linux-amd64.tar.gz"

[tools.hugo-extended."platforms.linux-x64-musl"]
checksum = "sha256:133adf4932c1b626b6fe6aa28d56791555abe3ceff167e03be534e8324c9ed39"
url = "https://github.com/gohugoio/hugo/releases/download/v0.160.1/hugo_extended_0.160.1_linux-amd64.tar.gz"

[tools.hugo-extended."platforms.macos-arm64"]
checksum = "sha256:11daf91390cd44df875395f8222e5bc8588fdbea64413f65389b6f985fde0463"
url = "https://github.com/gohugoio/hugo/releases/download/v0.160.1/hugo_extended_0.160.1_darwin-universal.pkg"

[tools.hugo-extended."platforms.macos-x64"]
checksum = "sha256:11daf91390cd44df875395f8222e5bc8588fdbea64413f65389b6f985fde0463"
url = "https://github.com/gohugoio/hugo/releases/download/v0.160.1/hugo_extended_0.160.1_darwin-universal.pkg"

[tools.hugo-extended."platforms.windows-x64"]
checksum = "sha256:f5e342de1c9b22dc03318c14689cbc81ac9afec0c6f2080e0cf5a3aa03edbf6d"
url = "https://github.com/gohugoio/hugo/releases/download/v0.160.1/hugo_extended_0.160.1_windows-amd64.zip"
